
Microsoft Visual Studio Solution File, Format Version 12.00
# Visual Studio Version 16
VisualStudioVersion = 16.0.29926.136
MinimumVisualStudioVersion = 10.0.40219.1
Project("{FAE04EC0-301F-11D3-BF4B-00C04F79EFBC}") = "Projet Final CS - Music Player", "Projet Final CS - Music Player.csproj", "{492C0103-E237-444F-9D61-56A9C867E247}"
EndProject
Global
	GlobalSection(SolutionConfigurationPlatforms) = preSolution
		Debug|Any CPU = Debug|Any CPU
		Release|Any CPU = Release|Any CPU
	EndGlobalSection
	GlobalSection(ProjectConfigurationPlatforms) = postSolution
		{492C0103-E237-444F-9D61-56A9C867E247}.Debug|Any CPU.ActiveCfg = Debug|Any CPU
		{492C0103-E237-444F-9D61-56A9C867E247}.Debug|Any CPU.Build.0 = Debug|Any CPU
		{492C0103-E237-444F-9D61-56A9C867E247}.Release|Any CPU.ActiveCfg = Release|Any CPU
		{492C0103-E237-444F-9D61-56A9C867E247}.Release|Any CPU.Build.0 = Release|Any CPU
	EndGlobalSection
	GlobalSection(SolutionProperties) = preSolution
		HideSolutionNode = FALSE
	EndGlobalSection
	GlobalSection(ExtensibilityGlobals) = postSolution
		SolutionGuid = {BDE0E66E-A99F-4513-AFD0-2B0EF2D52872}
	EndGlobalSection
EndGlobal
